
Microsoft Visual Studio Solution File, Format Version 12.00
Project("{2150E333-8FDC-42A3-9474-1A3956D46DE8}") = "src", "src", "{98E986FC-1ACF-44FA-B271-A9A554DB1239}"
EndProject
Project("{FAE04EC0-301F-11D3-BF4B-00C04F79EFBC}") = "SimplePoll.Identity", "src\SimplePoll.Identity\SimplePoll.Identity.csproj", "{965EA356-3E0F-4618-B5A6-2166EC6AE8D8}"
EndProject
Project("{FAE04EC0-301F-11D3-BF4B-00C04F79EFBC}") = "SimplePoll.Common.DataAccess", "src\SimplePoll.Common.DataAccess\SimplePoll.Common.DataAccess.csproj", "{36784FC3-933A-41D3-A50F-F150D1F10A24}"
EndProject
Project("{FAE04EC0-301F-11D3-BF4B-00C04F79EFBC}") = "SimplePoll.Common", "src\SimplePoll.Common\SimplePoll.Common.csproj", "{FC840B11-2A3B-48D6-8E42-99E470B09C21}"
EndProject
Project("{FAE04EC0-301F-11D3-BF4B-00C04F79EFBC}") = "SimplePoll.Editor", "src\SimplePoll.Editor\SimplePoll.Editor.csproj", "{3B2FF8BB-9864-4CE5-AB84-ED465C756ACA}"
EndProject
Project("{FAE04EC0-301F-11D3-BF4B-00C04F79EFBC}") = "SimplePoll.Common.Authentication", "src\SimplePoll.Common.Authentication\SimplePoll.Common.Authentication.csproj", "{7EDE02C1-0ADD-420D-9A6F-20CC50C66AFD}"
EndProject
Project("{FAE04EC0-301F-11D3-BF4B-00C04F79EFBC}") = "SimplePoll.Common.Migrations", "src\SimplePoll.Common.Migrations\SimplePoll.Common.Migrations.csproj", "{3DB12722-900F-4C97-B510-F367334BBF79}"
EndProject
Project("{FAE04EC0-301F-11D3-BF4B-00C04F79EFBC}") = "SimplePoll.Identity.Migrations", "src\SimplePoll.Identity.Migrations\SimplePoll.Identity.Migrations.csproj", "{DA23A5B9-7DA2-4147-94CD-9F2E7D96274D}"
EndProject
Project("{FAE04EC0-301F-11D3-BF4B-00C04F79EFBC}") = "SimplePoll.Editor.Migrations", "src\SimplePoll.Editor.Migrations\SimplePoll.Editor.Migrations.csproj", "{EC52B133-EB1E-4570-B757-BB9F9C12C1A1}"
EndProject
Project("{2150E333-8FDC-42A3-9474-1A3956D46DE8}") = "Solution Items", "Solution Items", "{DA3612A9-3247-42D6-AAF9-9FB37DE6FCBC}"
ProjectSection(SolutionItems) = preProject
	.gitignore = .gitignore
	docker-compose.local.yml = docker-compose.local.yml
	docker-compose.yml = docker-compose.yml
	README.md = README.md
	local_run.bat = local_run.bat
EndProjectSection
EndProject
Project("{2150E333-8FDC-42A3-9474-1A3956D46DE8}") = "SimplePoll.Answers", "SimplePoll.Answers", "{9A9D6258-7382-4551-84DB-2D217D227E79}"
EndProject
Project("{FAE04EC0-301F-11D3-BF4B-00C04F79EFBC}") = "SimplePoll.Answers.Domain", "src\SimplePoll.Answers\SimplePoll.Answers.Domain\SimplePoll.Answers.Domain.csproj", "{2D118491-230A-438F-B7D2-70D58B6C8398}"
EndProject
Project("{FAE04EC0-301F-11D3-BF4B-00C04F79EFBC}") = "SimplePoll.Answers.Application", "src\SimplePoll.Answers\SimplePoll.Answers.Application\SimplePoll.Answers.Application.csproj", "{0A2C4C74-730B-48D5-9DCE-9B575735F005}"
EndProject
Project("{FAE04EC0-301F-11D3-BF4B-00C04F79EFBC}") = "SimplePoll.Answers.Infrastructure", "src\SimplePoll.Answers\SimplePoll.Answers.Infrastructure\SimplePoll.Answers.Infrastructure.csproj", "{65BEE450-3670-4A47-B56E-0CD82564A9AB}"
EndProject
Project("{FAE04EC0-301F-11D3-BF4B-00C04F79EFBC}") = "SimplePoll.Answers.WebApi", "src\SimplePoll.Answers\SimplePoll.Answers.WebApi\SimplePoll.Answers.WebApi.csproj", "{01DD707F-888E-4513-8715-6B5200D9018C}"
EndProject
Global
	GlobalSection(SolutionConfigurationPlatforms) = preSolution
		Debug|Any CPU = Debug|Any CPU
		Release|Any CPU = Release|Any CPU
	EndGlobalSection
	GlobalSection(NestedProjects) = preSolution
		{965EA356-3E0F-4618-B5A6-2166EC6AE8D8} = {98E986FC-1ACF-44FA-B271-A9A554DB1239}
		{36784FC3-933A-41D3-A50F-F150D1F10A24} = {98E986FC-1ACF-44FA-B271-A9A554DB1239}
		{FC840B11-2A3B-48D6-8E42-99E470B09C21} = {98E986FC-1ACF-44FA-B271-A9A554DB1239}
		{3B2FF8BB-9864-4CE5-AB84-ED465C756ACA} = {98E986FC-1ACF-44FA-B271-A9A554DB1239}
		{7EDE02C1-0ADD-420D-9A6F-20CC50C66AFD} = {98E986FC-1ACF-44FA-B271-A9A554DB1239}
		{3DB12722-900F-4C97-B510-F367334BBF79} = {98E986FC-1ACF-44FA-B271-A9A554DB1239}
		{DA23A5B9-7DA2-4147-94CD-9F2E7D96274D} = {98E986FC-1ACF-44FA-B271-A9A554DB1239}
		{EC52B133-EB1E-4570-B757-BB9F9C12C1A1} = {98E986FC-1ACF-44FA-B271-A9A554DB1239}
		{9A9D6258-7382-4551-84DB-2D217D227E79} = {98E986FC-1ACF-44FA-B271-A9A554DB1239}
		{2D118491-230A-438F-B7D2-70D58B6C8398} = {9A9D6258-7382-4551-84DB-2D217D227E79}
		{0A2C4C74-730B-48D5-9DCE-9B575735F005} = {9A9D6258-7382-4551-84DB-2D217D227E79}
		{65BEE450-3670-4A47-B56E-0CD82564A9AB} = {9A9D6258-7382-4551-84DB-2D217D227E79}
		{01DD707F-888E-4513-8715-6B5200D9018C} = {9A9D6258-7382-4551-84DB-2D217D227E79}
	EndGlobalSection
	GlobalSection(ProjectConfigurationPlatforms) = postSolution
		{965EA356-3E0F-4618-B5A6-2166EC6AE8D8}.Debug|Any CPU.ActiveCfg = Debug|Any CPU
		{965EA356-3E0F-4618-B5A6-2166EC6AE8D8}.Debug|Any CPU.Build.0 = Debug|Any CPU
		{965EA356-3E0F-4618-B5A6-2166EC6AE8D8}.Release|Any CPU.ActiveCfg = Release|Any CPU
		{965EA356-3E0F-4618-B5A6-2166EC6AE8D8}.Release|Any CPU.Build.0 = Release|Any CPU
		{36784FC3-933A-41D3-A50F-F150D1F10A24}.Debug|Any CPU.ActiveCfg = Debug|Any CPU
		{36784FC3-933A-41D3-A50F-F150D1F10A24}.Debug|Any CPU.Build.0 = Debug|Any CPU
		{36784FC3-933A-41D3-A50F-F150D1F10A24}.Release|Any CPU.ActiveCfg = Release|Any CPU
		{36784FC3-933A-41D3-A50F-F150D1F10A24}.Release|Any CPU.Build.0 = Release|Any CPU
		{FC840B11-2A3B-48D6-8E42-99E470B09C21}.Debug|Any CPU.ActiveCfg = Debug|Any CPU
		{FC840B11-2A3B-48D6-8E42-99E470B09C21}.Debug|Any CPU.Build.0 = Debug|Any CPU
		{FC840B11-2A3B-48D6-8E42-99E470B09C21}.Release|Any CPU.ActiveCfg = Release|Any CPU
		{FC840B11-2A3B-48D6-8E42-99E470B09C21}.Release|Any CPU.Build.0 = Release|Any CPU
		{3B2FF8BB-9864-4CE5-AB84-ED465C756ACA}.Debug|Any CPU.ActiveCfg = Debug|Any CPU
		{3B2FF8BB-9864-4CE5-AB84-ED465C756ACA}.Debug|Any CPU.Build.0 = Debug|Any CPU
		{3B2FF8BB-9864-4CE5-AB84-ED465C756ACA}.Release|Any CPU.ActiveCfg = Release|Any CPU
		{3B2FF8BB-9864-4CE5-AB84-ED465C756ACA}.Release|Any CPU.Build.0 = Release|Any CPU
		{7EDE02C1-0ADD-420D-9A6F-20CC50C66AFD}.Debug|Any CPU.ActiveCfg = Debug|Any CPU
		{7EDE02C1-0ADD-420D-9A6F-20CC50C66AFD}.Debug|Any CPU.Build.0 = Debug|Any CPU
		{7EDE02C1-0ADD-420D-9A6F-20CC50C66AFD}.Release|Any CPU.ActiveCfg = Release|Any CPU
		{7EDE02C1-0ADD-420D-9A6F-20CC50C66AFD}.Release|Any CPU.Build.0 = Release|Any CPU
		{3DB12722-900F-4C97-B510-F367334BBF79}.Debug|Any CPU.ActiveCfg = Debug|Any CPU
		{3DB12722-900F-4C97-B510-F367334BBF79}.Debug|Any CPU.Build.0 = Debug|Any CPU
		{3DB12722-900F-4C97-B510-F367334BBF79}.Release|Any CPU.ActiveCfg = Release|Any CPU
		{3DB12722-900F-4C97-B510-F367334BBF79}.Release|Any CPU.Build.0 = Release|Any CPU
		{DA23A5B9-7DA2-4147-94CD-9F2E7D96274D}.Debug|Any CPU.ActiveCfg = Debug|Any CPU
		{DA23A5B9-7DA2-4147-94CD-9F2E7D96274D}.Debug|Any CPU.Build.0 = Debug|Any CPU
		{DA23A5B9-7DA2-4147-94CD-9F2E7D96274D}.Release|Any CPU.ActiveCfg = Release|Any CPU
		{DA23A5B9-7DA2-4147-94CD-9F2E7D96274D}.Release|Any CPU.Build.0 = Release|Any CPU
		{EC52B133-EB1E-4570-B757-BB9F9C12C1A1}.Debug|Any CPU.ActiveCfg = Debug|Any CPU
		{EC52B133-EB1E-4570-B757-BB9F9C12C1A1}.Debug|Any CPU.Build.0 = Debug|Any CPU
		{EC52B133-EB1E-4570-B757-BB9F9C12C1A1}.Release|Any CPU.ActiveCfg = Release|Any CPU
		{EC52B133-EB1E-4570-B757-BB9F9C12C1A1}.Release|Any CPU.Build.0 = Release|Any CPU
		{2D118491-230A-438F-B7D2-70D58B6C8398}.Debug|Any CPU.ActiveCfg = Debug|Any CPU
		{2D118491-230A-438F-B7D2-70D58B6C8398}.Debug|Any CPU.Build.0 = Debug|Any CPU
		{2D118491-230A-438F-B7D2-70D58B6C8398}.Release|Any CPU.ActiveCfg = Release|Any CPU
		{2D118491-230A-438F-B7D2-70D58B6C8398}.Release|Any CPU.Build.0 = Release|Any CPU
		{0A2C4C74-730B-48D5-9DCE-9B575735F005}.Debug|Any CPU.ActiveCfg = Debug|Any CPU
		{0A2C4C74-730B-48D5-9DCE-9B575735F005}.Debug|Any CPU.Build.0 = Debug|Any CPU
		{0A2C4C74-730B-48D5-9DCE-9B575735F005}.Release|Any CPU.ActiveCfg = Release|Any CPU
		{0A2C4C74-730B-48D5-9DCE-9B575735F005}.Release|Any CPU.Build.0 = Release|Any CPU
		{65BEE450-3670-4A47-B56E-0CD82564A9AB}.Debug|Any CPU.ActiveCfg = Debug|Any CPU
		{65BEE450-3670-4A47-B56E-0CD82564A9AB}.Debug|Any CPU.Build.0 = Debug|Any CPU
		{65BEE450-3670-4A47-B56E-0CD82564A9AB}.Release|Any CPU.ActiveCfg = Release|Any CPU
		{65BEE450-3670-4A47-B56E-0CD82564A9AB}.Release|Any CPU.Build.0 = Release|Any CPU
		{01DD707F-888E-4513-8715-6B5200D9018C}.Debug|Any CPU.ActiveCfg = Debug|Any CPU
		{01DD707F-888E-4513-8715-6B5200D9018C}.Debug|Any CPU.Build.0 = Debug|Any CPU
		{01DD707F-888E-4513-8715-6B5200D9018C}.Release|Any CPU.ActiveCfg = Release|Any CPU
		{01DD707F-888E-4513-8715-6B5200D9018C}.Release|Any CPU.Build.0 = Release|Any CPU
	EndGlobalSection
EndGlobal
